
Microsoft Visual Studio Solution File, Format Version 12.00
# Visual Studio Version 16
VisualStudioVersion = 16.0.33423.256
MinimumVisualStudioVersion = 10.0.40219.1
Project("{FAE04EC0-301F-11D3-BF4B-00C04F79EFBC}") = "GestionPaiementApp", "GestionPaiementApp\GestionPaiementApp.csproj", "{BC831B26-1B70-471F-8B22-69B9779BDD5D}"
EndProject
Global
	GlobalSection(SolutionConfigurationPlatforms) = preSolution
		Debug|Any CPU = Debug|Any CPU
		Release|Any CPU = Release|Any CPU
	EndGlobalSection
	GlobalSection(ProjectConfigurationPlatforms) = postSolution
		{BC831B26-1B70-471F-8B22-69B9779BDD5D}.Debug|Any CPU.ActiveCfg = Debug|Any CPU
		{BC831B26-1B70-471F-8B22-69B9779BDD5D}.Debug|Any CPU.Build.0 = Debug|Any CPU
		{BC831B26-1B70-471F-8B22-69B9779BDD5D}.Release|Any CPU.ActiveCfg = Release|Any CPU
		{BC831B26-1B70-471F-8B22-69B9779BDD5D}.Release|Any CPU.Build.0 = Release|Any CPU
	EndGlobalSection
	GlobalSection(SolutionProperties) = preSolution
		HideSolutionNode = FALSE
	EndGlobalSection
	GlobalSection(ExtensibilityGlobals) = postSolution
		SolutionGuid = {2A90AA80-42AB-407D-AB4F-9745FE087916}
	EndGlobalSection
EndGlobal
